
Microsoft Visual Studio Solution File, Format Version 12.00
# Visual Studio 15
VisualStudioVersion = 15.0.27130.2020
MinimumVisualStudioVersion = 10.0.40219.1
Project("{FAE04EC0-301F-11D3-BF4B-00C04F79EFBC}") = "Math Quiz", "Math Quiz\Math Quiz.csproj", "{BAE2786F-F2AD-4FC4-9865-F77737CD476A}"
EndProject
Global
	GlobalSection(SolutionConfigurationPlatforms) = preSolution
		Debug|Any CPU = Debug|Any CPU
		Release|Any CPU = Release|Any CPU
	EndGlobalSection
	GlobalSection(ProjectConfigurationPlatforms) = postSolution
		{BAE2786F-F2AD-4FC4-9865-F77737CD476A}.Debug|Any CPU.ActiveCfg = Debug|Any CPU
		{BAE2786F-F2AD-4FC4-9865-F77737CD476A}.Debug|Any CPU.Build.0 = Debug|Any CPU
		{BAE2786F-F2AD-4FC4-9865-F77737CD476A}.Release|Any CPU.ActiveCfg = Release|Any CPU
		{BAE2786F-F2AD-4FC4-9865-F77737CD476A}.Release|Any CPU.Build.0 = Release|Any CPU
	EndGlobalSection
	GlobalSection(SolutionProperties) = preSolution
		HideSolutionNode = FALSE
	EndGlobalSection
	GlobalSection(ExtensibilityGlobals) = postSolution
		SolutionGuid = {2EE2409D-66DE-4919-A25C-F8E06E28636B}
	EndGlobalSection
EndGlobal
